
Microsoft Visual Studio Solution File, Format Version 12.00
# Visual Studio Version 17
VisualStudioVersion = 17.5.33424.131
MinimumVisualStudioVersion = 10.0.40219.1
Project("{FAE04EC0-301F-11D3-BF4B-00C04F79EFBC}") = "Bai6", "Bai6\Bai6.csproj", "{90B394A6-879E-44BC-AC04-CA0DC379136A}"
EndProject
Global
	GlobalSection(SolutionConfigurationPlatforms) = preSolution
		Debug|Any CPU = Debug|Any CPU
		Release|Any CPU = Release|Any CPU
	EndGlobalSection
	GlobalSection(ProjectConfigurationPlatforms) = postSolution
		{90B394A6-879E-44BC-AC04-CA0DC379136A}.Debug|Any CPU.ActiveCfg = Debug|Any CPU
		{90B394A6-879E-44BC-AC04-CA0DC379136A}.Debug|Any CPU.Build.0 = Debug|Any CPU
		{90B394A6-879E-44BC-AC04-CA0DC379136A}.Release|Any CPU.ActiveCfg = Release|Any CPU
		{90B394A6-879E-44BC-AC04-CA0DC379136A}.Release|Any CPU.Build.0 = Release|Any CPU
	EndGlobalSection
	GlobalSection(SolutionProperties) = preSolution
		HideSolutionNode = FALSE
	EndGlobalSection
	GlobalSection(ExtensibilityGlobals) = postSolution
		SolutionGuid = {BE3D4168-FDB4-4199-A809-10EBBAAAA0DA}
	EndGlobalSection
EndGlobal
